// !$*UTF8*$!
{
	archiveVersion = 1;
	classes = {
	};
	objectVersion = 46;
	objects = {

/* Begin PBXBuildFile section */
		3B37F68DABDD7379A17077F2 /* libPods-EpicGlueTests.a in Frameworks */ = {isa = PBXBuildFile; fileRef = D7D81AB88A6020384168C004 /* libPods-EpicGlueTests.a */; };
		62DD200CD70A95D91833685B /* Token.m in Sources */ = {isa = PBXBuildFile; fileRef = 62DD2B9E52F412AD9D750395 /* Token.m */; };
		62DD20331D3F9348BD620FF9 /* Filter.m in Sources */ = {isa = PBXBuildFile; fileRef = 62DD2C915B5BA4622FB528E7 /* Filter.m */; };
		62DD20890CCC11A4FEF47FAA /* FilterList.m in Sources */ = {isa = PBXBuildFile; fileRef = 62DD2056DD4EB59F5C91DED6 /* FilterList.m */; };
		62DD2092A79ECA814D645748 /* ServiceProfile.m in Sources */ = {isa = PBXBuildFile; fileRef = 62DD22B0E63409D33BF999BA /* ServiceProfile.m */; };
		62DD217A2ED9E3D4963827E8 /* Location.m in Sources */ = {isa = PBXBuildFile; fileRef = 62DD26C05174E64DA47C31AC /* Location.m */; };
		62DD219E59DA875640047728 /* Task.m in Sources */ = {isa = PBXBuildFile; fileRef = 62DD26E909FCD22D0A64EE4F /* Task.m */; };
		62DD225741567C902B0F743E /* Connector.m in Sources */ = {isa = PBXBuildFile; fileRef = 62DD26822A9FAB6895A351B2 /* Connector.m */; };
		62DD2269A2E45E74D6E7A93A /* URL.m in Sources */ = {isa = PBXBuildFile; fileRef = 62DD24E2B951E9F16AFF428A /* URL.m */; };
		62DD226EBB645CA77189E6FF /* Filter.m in Sources */ = {isa = PBXBuildFile; fileRef = 62DD2C915B5BA4622FB528E7 /* Filter.m */; };
		62DD229DA7AA359AC87229C4 /* ItemListManager.m in Sources */ = {isa = PBXBuildFile; fileRef = 62DD2D9729B7E152A07B4FC0 /* ItemListManager.m */; };
		62DD24225B221ED525F88689 /* Subscription.m in Sources */ = {isa = PBXBuildFile; fileRef = 62DD20372E7625EE80EC68AD /* Subscription.m */; };
		62DD245E01C5BA28F9025720 /* UserSocialProfile.m in Sources */ = {isa = PBXBuildFile; fileRef = 62DD2AA7C439FAC75862C447 /* UserSocialProfile.m */; };
		62DD2546520F11CF65670AAD /* Item.m in Sources */ = {isa = PBXBuildFile; fileRef = 62DD269137479F5DC486E92B /* Item.m */; };
		62DD25BF5F9C72F320933558 /* ItemListManager.m in Sources */ = {isa = PBXBuildFile; fileRef = 62DD2D9729B7E152A07B4FC0 /* ItemListManager.m */; };
		62DD26B19E251291C181D41A /* Service.m in Sources */ = {isa = PBXBuildFile; fileRef = 62DD2F4FDB9198F6F99A43AB /* Service.m */; };
		62DD26BC112F83EAA96DC7C7 /* ServiceProfile.m in Sources */ = {isa = PBXBuildFile; fileRef = 62DD22B0E63409D33BF999BA /* ServiceProfile.m */; };
		62DD2707700A7DF0419AD2BC /* TaskQueue.m in Sources */ = {isa = PBXBuildFile; fileRef = 62DD28F47A9A6BA282A9CC6B /* TaskQueue.m */; };
		62DD2712E5C33C63B232EB47 /* DataSource.m in Sources */ = {isa = PBXBuildFile; fileRef = 62DD26640BDA5009B7A90066 /* DataSource.m */; };
		62DD27583F1009B0CB03C1F6 /* User.m in Sources */ = {isa = PBXBuildFile; fileRef = 62DD22428AFDA4B5F2094370 /* User.m */; };
		62DD27FDE1942867A3029AA8 /* Plan.m in Sources */ = {isa = PBXBuildFile; fileRef = 62DD2826B0898CE6981C6E82 /* Plan.m */; };
		62DD2871EB7CD85E534A0403 /* Source.m in Sources */ = {isa = PBXBuildFile; fileRef = 62DD25D44366DB7E88594E3B /* Source.m */; };
		62DD288B02B7DB13CB7332F1 /* UserStat.m in Sources */ = {isa = PBXBuildFile; fileRef = 62DD2CD1E5D3E8286B7CD19B /* UserStat.m */; };
		62DD2894AEE787E05933BDB2 /* URL.m in Sources */ = {isa = PBXBuildFile; fileRef = 62DD24E2B951E9F16AFF428A /* URL.m */; };
		62DD289CAC2D677D3E31C164 /* Subscription.m in Sources */ = {isa = PBXBuildFile; fileRef = 62DD20372E7625EE80EC68AD /* Subscription.m */; };
		62DD292C85E67B9236F1870E /* Source.m in Sources */ = {isa = PBXBuildFile; fileRef = 62DD25D44366DB7E88594E3B /* Source.m */; };
		62DD296EF49D877694070286 /* APIRequestTask.m in Sources */ = {isa = PBXBuildFile; fileRef = 62DD2CD6655B7BF63C8C8748 /* APIRequestTask.m */; };
		62DD297145756A7593CF409D /* Item.m in Sources */ = {isa = PBXBuildFile; fileRef = 62DD269137479F5DC486E92B /* Item.m */; };
		62DD299633436992AD043E16 /* Token.m in Sources */ = {isa = PBXBuildFile; fileRef = 62DD2B9E52F412AD9D750395 /* Token.m */; };
		62DD2A4AB8FDE0D1C4D66D78 /* JSON.m in Sources */ = {isa = PBXBuildFile; fileRef = 62DD26BAF1D4A9788CAD03B8 /* JSON.m */; };
		62DD2A9D3BDB199D47C5FD0B /* ImageFetchTask.m in Sources */ = {isa = PBXBuildFile; fileRef = 62DD2CC04928BA986A6B8295 /* ImageFetchTask.m */; };
		62DD2AA467134F3F842D35C2 /* Service.m in Sources */ = {isa = PBXBuildFile; fileRef = 62DD2F4FDB9198F6F99A43AB /* Service.m */; };
		62DD2AB8DE7CC9AD75788456 /* ItemReadTask.m in Sources */ = {isa = PBXBuildFile; fileRef = 62DD274357C9ACF556E9E9EA /* ItemReadTask.m */; };
		62DD2B41675970152A4E56DD /* AppDelegate.m in Sources */ = {isa = PBXBuildFile; fileRef = 62DD23E86CA420DBA307D800 /* AppDelegate.m */; };
		62DD2B9FC290A7D1A447B828 /* DateParser.m in Sources */ = {isa = PBXBuildFile; fileRef = 62DD2AA5D104A2D5AC32EAB9 /* DateParser.m */; };
		62DD2BB2373714767E8BCBA6 /* ItemList.m in Sources */ = {isa = PBXBuildFile; fileRef = 62DD2292567D5D6B3841ED7A /* ItemList.m */; };
		62DD2BBB23F7B3E6D6D84E79 /* User.m in Sources */ = {isa = PBXBuildFile; fileRef = 62DD22428AFDA4B5F2094370 /* User.m */; };
		62DD2C0AEA2631C3459DADE1 /* JSON.m in Sources */ = {isa = PBXBuildFile; fileRef = 62DD26BAF1D4A9788CAD03B8 /* JSON.m */; };
		62DD2C3DD678C7FBF496B136 /* DataSource.m in Sources */ = {isa = PBXBuildFile; fileRef = 62DD26640BDA5009B7A90066 /* DataSource.m */; };
		62DD2C577B6653314F227A74 /* ItemReadTask.m in Sources */ = {isa = PBXBuildFile; fileRef = 62DD274357C9ACF556E9E9EA /* ItemReadTask.m */; };
		62DD2C697902FE94BA6ABDDD /* FilterList.m in Sources */ = {isa = PBXBuildFile; fileRef = 62DD2056DD4EB59F5C91DED6 /* FilterList.m */; };
		62DD2CD9FE16F504F12B0313 /* DateParser.m in Sources */ = {isa = PBXBuildFile; fileRef = 62DD2AA5D104A2D5AC32EAB9 /* DateParser.m */; };
		62DD2CE6A3C205F83469947A /* Task.m in Sources */ = {isa = PBXBuildFile; fileRef = 62DD26E909FCD22D0A64EE4F /* Task.m */; };
		62DD2D2211F9649182E6F1E4 /* ImageFetchTask.m in Sources */ = {isa = PBXBuildFile; fileRef = 62DD2CC04928BA986A6B8295 /* ImageFetchTask.m */; };
		62DD2E12383F968FC2AF2026 /* Location.m in Sources */ = {isa = PBXBuildFile; fileRef = 62DD26C05174E64DA47C31AC /* Location.m */; };
		62DD2E43AA587F7F15D15B53 /* TaskQueue.m in Sources */ = {isa = PBXBuildFile; fileRef = 62DD28F47A9A6BA282A9CC6B /* TaskQueue.m */; };
		62DD2E5443EC28C686B69E5E /* UserSocialProfile.m in Sources */ = {isa = PBXBuildFile; fileRef = 62DD2AA7C439FAC75862C447 /* UserSocialProfile.m */; };
		62DD2EC02A705EF24A455132 /* ItemList.m in Sources */ = {isa = PBXBuildFile; fileRef = 62DD2292567D5D6B3841ED7A /* ItemList.m */; };
		62DD2ED1D3E1DCA5BE9C0721 /* UserStat.m in Sources */ = {isa = PBXBuildFile; fileRef = 62DD2CD1E5D3E8286B7CD19B /* UserStat.m */; };
		62DD2EFC11EA710DE2F95978 /* Plan.m in Sources */ = {isa = PBXBuildFile; fileRef = 62DD2826B0898CE6981C6E82 /* Plan.m */; };
		62DD2F0226036F08A7C78670 /* APIRequestTask.m in Sources */ = {isa = PBXBuildFile; fileRef = 62DD2CD6655B7BF63C8C8748 /* APIRequestTask.m */; };
		62DD2F932D1D60FAA225BE02 /* RequestTask.m in Sources */ = {isa = PBXBuildFile; fileRef = 62DD24BFC344AE3E7DA1BE76 /* RequestTask.m */; };
		62DD2FB932EAF2566B0E8A76 /* RequestTask.m in Sources */ = {isa = PBXBuildFile; fileRef = 62DD24BFC344AE3E7DA1BE76 /* RequestTask.m */; };
		68013BD160712CB514C3FD56 /* libPods-EpicGlue.a in Frameworks */ = {isa = PBXBuildFile; fileRef = A1F33AE1A9BCDAED3D98DC7C /* libPods-EpicGlue.a */; };
		EA320A571AA8CB7C008A3F02 /* main.m in Sources */ = {isa = PBXBuildFile; fileRef = EA320A561AA8CB7C008A3F02 /* main.m */; };
		EA320A5D1AA8CB7C008A3F02 /* EpicGlue.xcdatamodeld in Sources */ = {isa = PBXBuildFile; fileRef = EA320A5B1AA8CB7C008A3F02 /* EpicGlue.xcdatamodeld */; };
		EA320A631AA8CB7C008A3F02 /* Main.storyboard in Resources */ = {isa = PBXBuildFile; fileRef = EA320A611AA8CB7C008A3F02 /* Main.storyboard */; };
		EA320A651AA8CB7C008A3F02 /* Images.xcassets in Resources */ = {isa = PBXBuildFile; fileRef = EA320A641AA8CB7C008A3F02 /* Images.xcassets */; };
		EA320A681AA8CB7C008A3F02 /* LaunchScreen.xib in Resources */ = {isa = PBXBuildFile; fileRef = EA320A661AA8CB7C008A3F02 /* LaunchScreen.xib */; };
		EA320A7F1AA8D5C7008A3F02 /* StoreKit.framework in Frameworks */ = {isa = PBXBuildFile; fileRef = EA320A7E1AA8D5C7008A3F02 /* StoreKit.framework */; };
		EA453FFD1AB4A2BF00C7248D /* MasonryItemCollectionLayout.m in Sources */ = {isa = PBXBuildFile; fileRef = EA453FFC1AB4A2BF00C7248D /* MasonryItemCollectionLayout.m */; };
		EA4540001AB4A2CF00C7248D /* SingleItemCollectionLayout.m in Sources */ = {isa = PBXBuildFile; fileRef = EA453FFF1AB4A2CF00C7248D /* SingleItemCollectionLayout.m */; };
		EA544EE01AB45F0600B22EF6 /* ItemCollectionViewController.m in Sources */ = {isa = PBXBuildFile; fileRef = EA544EDF1AB45F0600B22EF6 /* ItemCollectionViewController.m */; };
		EA544EE31AB45F3600B22EF6 /* ItemCell.m in Sources */ = {isa = PBXBuildFile; fileRef = EA544EE21AB45F3600B22EF6 /* ItemCell.m */; };
		EAF2FE361B426F970052A977 /* TitleCell.xib in Resources */ = {isa = PBXBuildFile; fileRef = EAF2FE351B426F970052A977 /* TitleCell.xib */; };
		EAF2FE3F1B43C1750052A977 /* TitleCell.m in Sources */ = {isa = PBXBuildFile; fileRef = EAF2FE381B43C1750052A977 /* TitleCell.m */; };
		EAF2FE401B43C1750052A977 /* TitleWithDescriptionCell.m in Sources */ = {isa = PBXBuildFile; fileRef = EAF2FE3A1B43C1750052A977 /* TitleWithDescriptionCell.m */; };
		EAF2FE411B43C1750052A977 /* VideoCell.m in Sources */ = {isa = PBXBuildFile; fileRef = EAF2FE3C1B43C1750052A977 /* VideoCell.m */; };
		EAF2FE421B43C1750052A977 /* VideoWithTitleCell.m in Sources */ = {isa = PBXBuildFile; fileRef = EAF2FE3E1B43C1750052A977 /* VideoWithTitleCell.m */; };
/* End PBXBuildFile section */

/* Begin PBXContainerItemProxy section */
		EA320A6E1AA8CB7C008A3F02 /* PBXContainerItemProxy */ = {
			isa = PBXContainerItemProxy;
			containerPortal = EA320A491AA8CB7C008A3F02 /* Project object */;
			proxyType = 1;
			remoteGlobalIDString = EA320A501AA8CB7C008A3F02;
			remoteInfo = EpicGlue;
		};
/* End PBXContainerItemProxy section */

/* Begin PBXFileReference section */
		301FE20E2352B033DE801C81 /* Pods-EpicGlueTests.debug.xcconfig */ = {isa = PBXFileReference; includeInIndex = 1; lastKnownFileType = text.xcconfig; name = "Pods-EpicGlueTests.debug.xcconfig"; path = "Pods/Target Support Files/Pods-EpicGlueTests/Pods-EpicGlueTests.debug.xcconfig"; sourceTree = "<group>"; };
		62DD20372E7625EE80EC68AD /* Subscription.m */ = {isa = PBXFileReference; fileEncoding = 4; lastKnownFileType = sourcecode.c.objc; path = Subscription.m; sourceTree = "<group>"; };
		62DD204CD08D2AEB3BE2B068 /* ItemListManager.h */ = {isa = PBXFileReference; fileEncoding = 4; lastKnownFileType = sourcecode.c.h; path = ItemListManager.h; sourceTree = "<group>"; };
		62DD2056DD4EB59F5C91DED6 /* FilterList.m */ = {isa = PBXFileReference; fileEncoding = 4; lastKnownFileType = sourcecode.c.objc; path = FilterList.m; sourceTree = "<group>"; };
		62DD20F0DA8D85A68E21C234 /* JSON.h */ = {isa = PBXFileReference; fileEncoding = 4; lastKnownFileType = sourcecode.c.h; path = JSON.h; sourceTree = "<group>"; };
		62DD20F939C49300E1D5ED4F /* User.h */ = {isa = PBXFileReference; fileEncoding = 4; lastKnownFileType = sourcecode.c.h; path = User.h; sourceTree = "<group>"; };
		62DD21035E6AEEC8C0C9C1C0 /* AppDelegate.h */ = {isa = PBXFileReference; fileEncoding = 4; lastKnownFileType = sourcecode.c.h; name = AppDelegate.h; path = EpicGlue/AppDelegate.h; sourceTree = "<group>"; };
		62DD22428AFDA4B5F2094370 /* User.m */ = {isa = PBXFileReference; fileEncoding = 4; lastKnownFileType = sourcecode.c.objc; path = User.m; sourceTree = "<group>"; };
		62DD226FAE71F467E437D1AA /* FilterList.h */ = {isa = PBXFileReference; fileEncoding = 4; lastKnownFileType = sourcecode.c.h; path = FilterList.h; sourceTree = "<group>"; };
		62DD2292567D5D6B3841ED7A /* ItemList.m */ = {isa = PBXFileReference; fileEncoding = 4; lastKnownFileType = sourcecode.c.objc; path = ItemList.m; sourceTree = "<group>"; };
		62DD22B0E63409D33BF999BA /* ServiceProfile.m */ = {isa = PBXFileReference; fileEncoding = 4; lastKnownFileType = sourcecode.c.objc; path = ServiceProfile.m; sourceTree = "<group>"; };
		62DD23BD03AD3C7E4C135ADF /* Service.h */ = {isa = PBXFileReference; fileEncoding = 4; lastKnownFileType = sourcecode.c.h; path = Service.h; sourceTree = "<group>"; };
		62DD23E86CA420DBA307D800 /* AppDelegate.m */ = {isa = PBXFileReference; fileEncoding = 4; lastKnownFileType = sourcecode.c.objc; name = AppDelegate.m; path = EpicGlue/AppDelegate.m; sourceTree = "<group>"; };
		62DD24BFC344AE3E7DA1BE76 /* RequestTask.m */ = {isa = PBXFileReference; fileEncoding = 4; lastKnownFileType = sourcecode.c.objc; path = RequestTask.m; sourceTree = "<group>"; };
		62DD24E2B951E9F16AFF428A /* URL.m */ = {isa = PBXFileReference; fileEncoding = 4; lastKnownFileType = sourcecode.c.objc; path = URL.m; sourceTree = "<group>"; };
		62DD250201BA86ABA6C936F2 /* Token.h */ = {isa = PBXFileReference; fileEncoding = 4; lastKnownFileType = sourcecode.c.h; path = Token.h; sourceTree = "<group>"; };
		62DD25A0C13298D72208F4FB /* Connector.h */ = {isa = PBXFileReference; fileEncoding = 4; lastKnownFileType = sourcecode.c.h; path = Connector.h; sourceTree = "<group>"; };
		62DD25D44366DB7E88594E3B /* Source.m */ = {isa = PBXFileReference; fileEncoding = 4; lastKnownFileType = sourcecode.c.objc; path = Source.m; sourceTree = "<group>"; };
		62DD25F87C685F6CF888069A /* TaskQueue.h */ = {isa = PBXFileReference; fileEncoding = 4; lastKnownFileType = sourcecode.c.h; path = TaskQueue.h; sourceTree = "<group>"; };
		62DD2663C1A23054229BBF98 /* Plan.h */ = {isa = PBXFileReference; fileEncoding = 4; lastKnownFileType = sourcecode.c.h; path = Plan.h; sourceTree = "<group>"; };
		62DD26640BDA5009B7A90066 /* DataSource.m */ = {isa = PBXFileReference; fileEncoding = 4; lastKnownFileType = sourcecode.c.objc; path = DataSource.m; sourceTree = "<group>"; };
		62DD26822A9FAB6895A351B2 /* Connector.m */ = {isa = PBXFileReference; fileEncoding = 4; lastKnownFileType = sourcecode.c.objc; path = Connector.m; sourceTree = "<group>"; };
		62DD269137479F5DC486E92B /* Item.m */ = {isa = PBXFileReference; fileEncoding = 4; lastKnownFileType = sourcecode.c.objc; path = Item.m; sourceTree = "<group>"; };
		62DD26AEE7329CBD83760E60 /* APIRequestTask.h */ = {isa = PBXFileReference; fileEncoding = 4; lastKnownFileType = sourcecode.c.h; path = APIRequestTask.h; sourceTree = "<group>"; };
		62DD26BAF1D4A9788CAD03B8 /* JSON.m */ = {isa = PBXFileReference; fileEncoding = 4; lastKnownFileType = sourcecode.c.objc; path = JSON.m; sourceTree = "<group>"; };
		62DD26C05174E64DA47C31AC /* Location.m */ = {isa = PBXFileReference; fileEncoding = 4; lastKnownFileType = sourcecode.c.objc; path = Location.m; sourceTree = "<group>"; };
		62DD26E909FCD22D0A64EE4F /* Task.m */ = {isa = PBXFileReference; fileEncoding = 4; lastKnownFileType = sourcecode.c.objc; path = Task.m; sourceTree = "<group>"; };
		62DD274357C9ACF556E9E9EA /* ItemReadTask.m */ = {isa = PBXFileReference; fileEncoding = 4; lastKnownFileType = sourcecode.c.objc; path = ItemReadTask.m; sourceTree = "<group>"; };
		62DD275B01047AC71873B389 /* ImageFetchTask.h */ = {isa = PBXFileReference; fileEncoding = 4; lastKnownFileType = sourcecode.c.h; path = ImageFetchTask.h; sourceTree = "<group>"; };
		62DD2791B6AA95C902EA740B /* UserSocialProfile.h */ = {isa = PBXFileReference; fileEncoding = 4; lastKnownFileType = sourcecode.c.h; path = UserSocialProfile.h; sourceTree = "<group>"; };
		62DD28031A46D05F2B307373 /* URL.h */ = {isa = PBXFileReference; fileEncoding = 4; lastKnownFileType = sourcecode.c.h; path = URL.h; sourceTree = "<group>"; };
		62DD2826B0898CE6981C6E82 /* Plan.m */ = {isa = PBXFileReference; fileEncoding = 4; lastKnownFileType = sourcecode.c.objc; path = Plan.m; sourceTree = "<group>"; };
		62DD28F47A9A6BA282A9CC6B /* TaskQueue.m */ = {isa = PBXFileReference; fileEncoding = 4; lastKnownFileType = sourcecode.c.objc; path = TaskQueue.m; sourceTree = "<group>"; };
		62DD28FCB80C31FAA1E6450F /* UserStat.h */ = {isa = PBXFileReference; fileEncoding = 4; lastKnownFileType = sourcecode.c.h; path = UserStat.h; sourceTree = "<group>"; };
		62DD291B51271B323D108703 /* Subscription.h */ = {isa = PBXFileReference; fileEncoding = 4; lastKnownFileType = sourcecode.c.h; path = Subscription.h; sourceTree = "<group>"; };
		62DD2A69658B3BE8F63000C8 /* DataSource.h */ = {isa = PBXFileReference; fileEncoding = 4; lastKnownFileType = sourcecode.c.h; path = DataSource.h; sourceTree = "<group>"; };
		62DD2A941123347616850412 /* Item.h */ = {isa = PBXFileReference; fileEncoding = 4; lastKnownFileType = sourcecode.c.h; path = Item.h; sourceTree = "<group>"; };
		62DD2AA5D104A2D5AC32EAB9 /* DateParser.m */ = {isa = PBXFileReference; fileEncoding = 4; lastKnownFileType = sourcecode.c.objc; path = DateParser.m; sourceTree = "<group>"; };
		62DD2AA7C439FAC75862C447 /* UserSocialProfile.m */ = {isa = PBXFileReference; fileEncoding = 4; lastKnownFileType = sourcecode.c.objc; path = UserSocialProfile.m; sourceTree = "<group>"; };
		62DD2B6ABD730AB5FBA8C839 /* ItemReadTask.h */ = {isa = PBXFileReference; fileEncoding = 4; lastKnownFileType = sourcecode.c.h; path = ItemReadTask.h; sourceTree = "<group>"; };
		62DD2B6E720898CB9F532641 /* Task.h */ = {isa = PBXFileReference; fileEncoding = 4; lastKnownFileType = sourcecode.c.h; path = Task.h; sourceTree = "<group>"; };
		62DD2B9E52F412AD9D750395 /* Token.m */ = {isa = PBXFileReference; fileEncoding = 4; lastKnownFileType = sourcecode.c.objc; path = Token.m; sourceTree = "<group>"; };
		62DD2C3F449B3B4E49E9DFB3 /* Source.h */ = {isa = PBXFileReference; fileEncoding = 4; lastKnownFileType = sourcecode.c.h; path = Source.h; sourceTree = "<group>"; };
		62DD2C915B5BA4622FB528E7 /* Filter.m */ = {isa = PBXFileReference; fileEncoding = 4; lastKnownFileType = sourcecode.c.objc; path = Filter.m; sourceTree = "<group>"; };
		62DD2C97D4C0F6EA43B67BA5 /* RequestTask.h */ = {isa = PBXFileReference; fileEncoding = 4; lastKnownFileType = sourcecode.c.h; path = RequestTask.h; sourceTree = "<group>"; };
		62DD2CC04928BA986A6B8295 /* ImageFetchTask.m */ = {isa = PBXFileReference; fileEncoding = 4; lastKnownFileType = sourcecode.c.objc; path = ImageFetchTask.m; sourceTree = "<group>"; };
		62DD2CD1E5D3E8286B7CD19B /* UserStat.m */ = {isa = PBXFileReference; fileEncoding = 4; lastKnownFileType = sourcecode.c.objc; path = UserStat.m; sourceTree = "<group>"; };
		62DD2CD6655B7BF63C8C8748 /* APIRequestTask.m */ = {isa = PBXFileReference; fileEncoding = 4; lastKnownFileType = sourcecode.c.objc; path = APIRequestTask.m; sourceTree = "<group>"; };
		62DD2D57328CC7828191112F /* ItemList.h */ = {isa = PBXFileReference; fileEncoding = 4; lastKnownFileType = sourcecode.c.h; path = ItemList.h; sourceTree = "<group>"; };
		62DD2D9729B7E152A07B4FC0 /* ItemListManager.m */ = {isa = PBXFileReference; fileEncoding = 4; lastKnownFileType = sourcecode.c.objc; path = ItemListManager.m; sourceTree = "<group>"; };
		62DD2E28F86B10A504E1A7E7 /* ServiceProfile.h */ = {isa = PBXFileReference; fileEncoding = 4; lastKnownFileType = sourcecode.c.h; path = ServiceProfile.h; sourceTree = "<group>"; };
		62DD2E42D2759115D76A998E /* Location.h */ = {isa = PBXFileReference; fileEncoding = 4; lastKnownFileType = sourcecode.c.h; path = Location.h; sourceTree = "<group>"; };
		62DD2E7276A0E529F3FA288F /* Filter.h */ = {isa = PBXFileReference; fileEncoding = 4; lastKnownFileType = sourcecode.c.h; path = Filter.h; sourceTree = "<group>"; };
		62DD2F4FDB9198F6F99A43AB /* Service.m */ = {isa = PBXFileReference; fileEncoding = 4; lastKnownFileType = sourcecode.c.objc; path = Service.m; sourceTree = "<group>"; };
		62DD2F8C788136BA6CD2FA0A /* DateParser.h */ = {isa = PBXFileReference; fileEncoding = 4; lastKnownFileType = sourcecode.c.h; path = DateParser.h; sourceTree = "<group>"; };
		75EC175EA5891DC88C5DCF95 /* Pods-EpicGlue.release.xcconfig */ = {isa = PBXFileReference; includeInIndex = 1; lastKnownFileType = text.xcconfig; name = "Pods-EpicGlue.release.xcconfig"; path = "Pods/Target Support Files/Pods-EpicGlue/Pods-EpicGlue.release.xcconfig"; sourceTree = "<group>"; };
		84ECA1531B709D414BD98F67 /* Pods-EpicGlueTests.release.xcconfig */ = {isa = PBXFileReference; includeInIndex = 1; lastKnownFileType = text.xcconfig; name = "Pods-EpicGlueTests.release.xcconfig"; path = "Pods/Target Support Files/Pods-EpicGlueTests/Pods-EpicGlueTests.release.xcconfig"; sourceTree = "<group>"; };
		A1F33AE1A9BCDAED3D98DC7C /* libPods-EpicGlue.a */ = {isa = PBXFileReference; explicitFileType = archive.ar; includeInIndex = 0; path = "libPods-EpicGlue.a"; sourceTree = BUILT_PRODUCTS_DIR; };
		D7D81AB88A6020384168C004 /* libPods-EpicGlueTests.a */ = {isa = PBXFileReference; explicitFileType = archive.ar; includeInIndex = 0; path = "libPods-EpicGlueTests.a"; sourceTree = BUILT_PRODUCTS_DIR; };
		D8E90E7D6185131E2C221DF0 /* Pods-EpicGlue.debug.xcconfig */ = {isa = PBXFileReference; includeInIndex = 1; lastKnownFileType = text.xcconfig; name = "Pods-EpicGlue.debug.xcconfig"; path = "Pods/Target Support Files/Pods-EpicGlue/Pods-EpicGlue.debug.xcconfig"; sourceTree = "<group>"; };
		EA320A511AA8CB7C008A3F02 /* EpicGlue.app */ = {isa = PBXFileReference; explicitFileType = wrapper.application; includeInIndex = 0; path = EpicGlue.app; sourceTree = BUILT_PRODUCTS_DIR; };
		EA320A551AA8CB7C008A3F02 /* Info.plist */ = {isa = PBXFileReference; lastKnownFileType = text.plist.xml; path = Info.plist; sourceTree = "<group>"; };
		EA320A561AA8CB7C008A3F02 /* main.m */ = {isa = PBXFileReference; lastKnownFileType = sourcecode.c.objc; path = main.m; sourceTree = "<group>"; };
		EA320A5C1AA8CB7C008A3F02 /* EpicGlue.xcdatamodel */ = {isa = PBXFileReference; lastKnownFileType = wrapper.xcdatamodel; path = EpicGlue.xcdatamodel; sourceTree = "<group>"; };
		EA320A621AA8CB7C008A3F02 /* Base */ = {isa = PBXFileReference; lastKnownFileType = file.storyboard; name = Base; path = Base.lproj/Main.storyboard; sourceTree = "<group>"; };
		EA320A641AA8CB7C008A3F02 /* Images.xcassets */ = {isa = PBXFileReference; lastKnownFileType = folder.assetcatalog; path = Images.xcassets; sourceTree = "<group>"; };
		EA320A671AA8CB7C008A3F02 /* Base */ = {isa = PBXFileReference; lastKnownFileType = file.xib; name = Base; path = Base.lproj/LaunchScreen.xib; sourceTree = "<group>"; };
		EA320A6D1AA8CB7C008A3F02 /* EpicGlueTests.xctest */ = {isa = PBXFileReference; explicitFileType = wrapper.cfbundle; includeInIndex = 0; path = EpicGlueTests.xctest; sourceTree = BUILT_PRODUCTS_DIR; };
		EA320A721AA8CB7C008A3F02 /* Info.plist */ = {isa = PBXFileReference; lastKnownFileType = text.plist.xml; path = Info.plist; sourceTree = "<group>"; };
		EA320A7D1AA8D59F008A3F02 /* EpicGlue.entitlements */ = {isa = PBXFileReference; lastKnownFileType = text.xml; path = EpicGlue.entitlements; sourceTree = "<group>"; };
		EA320A7E1AA8D5C7008A3F02 /* StoreKit.framework */ = {isa = PBXFileReference; lastKnownFileType = wrapper.framework; name = StoreKit.framework; path = System/Library/Frameworks/StoreKit.framework; sourceTree = SDKROOT; };
		EA453FFB1AB4A2BF00C7248D /* MasonryItemCollectionLayout.h */ = {isa = PBXFileReference; fileEncoding = 4; lastKnownFileType = sourcecode.c.h; path = MasonryItemCollectionLayout.h; sourceTree = "<group>"; };
		EA453FFC1AB4A2BF00C7248D /* MasonryItemCollectionLayout.m */ = {isa = PBXFileReference; fileEncoding = 4; lastKnownFileType = sourcecode.c.objc; path = MasonryItemCollectionLayout.m; sourceTree = "<group>"; };
		EA453FFE1AB4A2CF00C7248D /* SingleItemCollectionLayout.h */ = {isa = PBXFileReference; fileEncoding = 4; lastKnownFileType = sourcecode.c.h; path = SingleItemCollectionLayout.h; sourceTree = "<group>"; };
		EA453FFF1AB4A2CF00C7248D /* SingleItemCollectionLayout.m */ = {isa = PBXFileReference; fileEncoding = 4; lastKnownFileType = sourcecode.c.objc; path = SingleItemCollectionLayout.m; sourceTree = "<group>"; };
		EA544EDE1AB45F0600B22EF6 /* ItemCollectionViewController.h */ = {isa = PBXFileReference; fileEncoding = 4; lastKnownFileType = sourcecode.c.h; path = ItemCollectionViewController.h; sourceTree = "<group>"; };
		EA544EDF1AB45F0600B22EF6 /* ItemCollectionViewController.m */ = {isa = PBXFileReference; fileEncoding = 4; lastKnownFileType = sourcecode.c.objc; path = ItemCollectionViewController.m; sourceTree = "<group>"; };
		EA544EE11AB45F3600B22EF6 /* ItemCell.h */ = {isa = PBXFileReference; fileEncoding = 4; lastKnownFileType = sourcecode.c.h; path = ItemCell.h; sourceTree = "<group>"; };
		EA544EE21AB45F3600B22EF6 /* ItemCell.m */ = {isa = PBXFileReference; fileEncoding = 4; lastKnownFileType = sourcecode.c.objc; path = ItemCell.m; sourceTree = "<group>"; };
		EAF2FE351B426F970052A977 /* TitleCell.xib */ = {isa = PBXFileReference; fileEncoding = 4; lastKnownFileType = file.xib; path = TitleCell.xib; sourceTree = "<group>"; };
		EAF2FE371B43C1750052A977 /* TitleCell.h */ = {isa = PBXFileReference; fileEncoding = 4; lastKnownFileType = sourcecode.c.h; path = TitleCell.h; sourceTree = "<group>"; };
		EAF2FE381B43C1750052A977 /* TitleCell.m */ = {isa = PBXFileReference; fileEncoding = 4; lastKnownFileType = sourcecode.c.objc; path = TitleCell.m; sourceTree = "<group>"; };
		EAF2FE391B43C1750052A977 /* TitleWithDescriptionCell.h */ = {isa = PBXFileReference; fileEncoding = 4; lastKnownFileType = sourcecode.c.h; path = TitleWithDescriptionCell.h; sourceTree = "<group>"; };
		EAF2FE3A1B43C1750052A977 /* TitleWithDescriptionCell.m */ = {isa = PBXFileReference; fileEncoding = 4; lastKnownFileType = sourcecode.c.objc; path = TitleWithDescriptionCell.m; sourceTree = "<group>"; };
		EAF2FE3B1B43C1750052A977 /* VideoCell.h */ = {isa = PBXFileReference; fileEncoding = 4; lastKnownFileType = sourcecode.c.h; path = VideoCell.h; sourceTree = "<group>"; };
		EAF2FE3C1B43C1750052A977 /* VideoCell.m */ = {isa = PBXFileReference; fileEncoding = 4; lastKnownFileType = sourcecode.c.objc; path = VideoCell.m; sourceTree = "<group>"; };
		EAF2FE3D1B43C1750052A977 /* VideoWithTitleCell.h */ = {isa = PBXFileReference; fileEncoding = 4; lastKnownFileType = sourcecode.c.h; path = VideoWithTitleCell.h; sourceTree = "<group>"; };
		EAF2FE3E1B43C1750052A977 /* VideoWithTitleCell.m */ = {isa = PBXFileReference; fileEncoding = 4; lastKnownFileType = sourcecode.c.objc; path = VideoWithTitleCell.m; sourceTree = "<group>"; };
/* End PBXFileReference section */

/* Begin PBXFrameworksBuildPhase section */
		EA320A4E1AA8CB7C008A3F02 /* Frameworks */ = {
			isa = PBXFrameworksBuildPhase;
			buildActionMask = 2147483647;
			files = (
				68013BD160712CB514C3FD56 /* libPods-EpicGlue.a in Frameworks */,
				EA320A7F1AA8D5C7008A3F02 /* StoreKit.framework in Frameworks */,
			);
			runOnlyForDeploymentPostprocessing = 0;
		};
		EA320A6A1AA8CB7C008A3F02 /* Frameworks */ = {
			isa = PBXFrameworksBuildPhase;
			buildActionMask = 2147483647;
			files = (
				3B37F68DABDD7379A17077F2 /* libPods-EpicGlueTests.a in Frameworks */,
			);
			runOnlyForDeploymentPostprocessing = 0;
		};
/* End PBXFrameworksBuildPhase section */

/* Begin PBXGroup section */
		59836F6A299472F895ACCEA4 /* Pods */ = {
			isa = PBXGroup;
			children = (
				D8E90E7D6185131E2C221DF0 /* Pods-EpicGlue.debug.xcconfig */,
				75EC175EA5891DC88C5DCF95 /* Pods-EpicGlue.release.xcconfig */,
				301FE20E2352B033DE801C81 /* Pods-EpicGlueTests.debug.xcconfig */,
				84ECA1531B709D414BD98F67 /* Pods-EpicGlueTests.release.xcconfig */,
			);
			name = Pods;
			sourceTree = "<group>";
		};
		62DD2C09C941CAB54D565E49 /* Tasks */ = {
			isa = PBXGroup;
			children = (
				62DD28F47A9A6BA282A9CC6B /* TaskQueue.m */,
				62DD25F87C685F6CF888069A /* TaskQueue.h */,
				62DD26E909FCD22D0A64EE4F /* Task.m */,
				62DD2B6E720898CB9F532641 /* Task.h */,
				62DD2CC04928BA986A6B8295 /* ImageFetchTask.m */,
				62DD275B01047AC71873B389 /* ImageFetchTask.h */,
				62DD24BFC344AE3E7DA1BE76 /* RequestTask.m */,
				62DD2C97D4C0F6EA43B67BA5 /* RequestTask.h */,
				62DD2CD6655B7BF63C8C8748 /* APIRequestTask.m */,
				62DD26AEE7329CBD83760E60 /* APIRequestTask.h */,
				62DD274357C9ACF556E9E9EA /* ItemReadTask.m */,
				62DD2B6ABD730AB5FBA8C839 /* ItemReadTask.h */,
			);
			path = Tasks;
			sourceTree = "<group>";
		};
		62DD2F870EAB667B17D182F2 /* Common */ = {
			isa = PBXGroup;
			children = (
				62DD2F8C788136BA6CD2FA0A /* DateParser.h */,
				62DD26822A9FAB6895A351B2 /* Connector.m */,
				62DD2AA5D104A2D5AC32EAB9 /* DateParser.m */,
				62DD25A0C13298D72208F4FB /* Connector.h */,
				62DD26BAF1D4A9788CAD03B8 /* JSON.m */,
				62DD20F0DA8D85A68E21C234 /* JSON.h */,
			);
			name = Common;
			sourceTree = "<group>";
		};
		DFC933D6E95B4C148B30D5A6 /* Frameworks */ = {
			isa = PBXGroup;
			children = (
				EA320A7E1AA8D5C7008A3F02 /* StoreKit.framework */,
				A1F33AE1A9BCDAED3D98DC7C /* libPods-EpicGlue.a */,
				D7D81AB88A6020384168C004 /* libPods-EpicGlueTests.a */,
				62DD23E86CA420DBA307D800 /* AppDelegate.m */,
				62DD21035E6AEEC8C0C9C1C0 /* AppDelegate.h */,
			);
			name = Frameworks;
			sourceTree = "<group>";
		};
		EA320A481AA8CB7C008A3F02 = {
			isa = PBXGroup;
			children = (
				EA320A531AA8CB7C008A3F02 /* EpicGlue */,
				EA320A701AA8CB7C008A3F02 /* EpicGlueTests */,
				EA320A521AA8CB7C008A3F02 /* Products */,
				59836F6A299472F895ACCEA4 /* Pods */,
				DFC933D6E95B4C148B30D5A6 /* Frameworks */,
			);
			sourceTree = "<group>";
		};
		EA320A521AA8CB7C008A3F02 /* Products */ = {
			isa = PBXGroup;
			children = (
				EA320A511AA8CB7C008A3F02 /* EpicGlue.app */,
				EA320A6D1AA8CB7C008A3F02 /* EpicGlueTests.xctest */,
			);
			name = Products;
			sourceTree = "<group>";
		};
		EA320A531AA8CB7C008A3F02 /* EpicGlue */ = {
			isa = PBXGroup;
			children = (
				EA544EDD1AB45ED600B22EF6 /* Items */,
				EA544EC11AB453A400B22EF6 /* Data */,
				EA544EC01AB4130F00B22EF6 /* Navigation */,
				EA320A7D1AA8D59F008A3F02 /* EpicGlue.entitlements */,
				EA320A611AA8CB7C008A3F02 /* Main.storyboard */,
				EA320A641AA8CB7C008A3F02 /* Images.xcassets */,
				EA320A661AA8CB7C008A3F02 /* LaunchScreen.xib */,
				EA320A5B1AA8CB7C008A3F02 /* EpicGlue.xcdatamodeld */,
				EA320A541AA8CB7C008A3F02 /* Supporting Files */,
				62DD2C09C941CAB54D565E49 /* Tasks */,
			);
			path = EpicGlue;
			sourceTree = "<group>";
		};
		EA320A541AA8CB7C008A3F02 /* Supporting Files */ = {
			isa = PBXGroup;
			children = (
				EA320A551AA8CB7C008A3F02 /* Info.plist */,
				EA320A561AA8CB7C008A3F02 /* main.m */,
			);
			name = "Supporting Files";
			sourceTree = "<group>";
		};
		EA320A701AA8CB7C008A3F02 /* EpicGlueTests */ = {
			isa = PBXGroup;
			children = (
				EA320A711AA8CB7C008A3F02 /* Supporting Files */,
			);
			path = EpicGlueTests;
			sourceTree = "<group>";
		};
		EA320A711AA8CB7C008A3F02 /* Supporting Files */ = {
			isa = PBXGroup;
			children = (
				EA320A721AA8CB7C008A3F02 /* Info.plist */,
			);
			name = "Supporting Files";
			sourceTree = "<group>";
		};
		EA544EC01AB4130F00B22EF6 /* Navigation */ = {
			isa = PBXGroup;
			children = (
				EA544EDC1AB4546400B22EF6 /* Subscription */,
				EA544EDB1AB4545F00B22EF6 /* Item */,
			);
			name = Navigation;
			sourceTree = "<group>";
		};
		EA544EC11AB453A400B22EF6 /* Data */ = {
			isa = PBXGroup;
			children = (
				EA544EC21AB453C800B22EF6 /* Model */,
				62DD2D9729B7E152A07B4FC0 /* ItemListManager.m */,
				62DD204CD08D2AEB3BE2B068 /* ItemListManager.h */,
				62DD26640BDA5009B7A90066 /* DataSource.m */,
				62DD2A69658B3BE8F63000C8 /* DataSource.h */,
				62DD2292567D5D6B3841ED7A /* ItemList.m */,
				62DD2D57328CC7828191112F /* ItemList.h */,
				62DD2C915B5BA4622FB528E7 /* Filter.m */,
				62DD2E7276A0E529F3FA288F /* Filter.h */,
				62DD2056DD4EB59F5C91DED6 /* FilterList.m */,
				62DD226FAE71F467E437D1AA /* FilterList.h */,
				62DD26C05174E64DA47C31AC /* Location.m */,
				62DD2E42D2759115D76A998E /* Location.h */,
				62DD2F870EAB667B17D182F2 /* Common */,
				62DD24E2B951E9F16AFF428A /* URL.m */,
				62DD28031A46D05F2B307373 /* URL.h */,
			);
			name = Data;
			sourceTree = "<group>";
		};
		EA544EC21AB453C800B22EF6 /* Model */ = {
			isa = PBXGroup;
			children = (
				62DD2A941123347616850412 /* Item.h */,
				62DD269137479F5DC486E92B /* Item.m */,
				62DD25D44366DB7E88594E3B /* Source.m */,
				62DD2C3F449B3B4E49E9DFB3 /* Source.h */,
				62DD20372E7625EE80EC68AD /* Subscription.m */,
				62DD291B51271B323D108703 /* Subscription.h */,
				62DD2826B0898CE6981C6E82 /* Plan.m */,
				62DD2663C1A23054229BBF98 /* Plan.h */,
				62DD2F4FDB9198F6F99A43AB /* Service.m */,
				62DD23BD03AD3C7E4C135ADF /* Service.h */,
				62DD22B0E63409D33BF999BA /* ServiceProfile.m */,
				62DD2E28F86B10A504E1A7E7 /* ServiceProfile.h */,
				62DD22428AFDA4B5F2094370 /* User.m */,
				62DD20F939C49300E1D5ED4F /* User.h */,
				62DD2B9E52F412AD9D750395 /* Token.m */,
				62DD250201BA86ABA6C936F2 /* Token.h */,
				62DD2AA7C439FAC75862C447 /* UserSocialProfile.m */,
				62DD2791B6AA95C902EA740B /* UserSocialProfile.h */,
				62DD2CD1E5D3E8286B7CD19B /* UserStat.m */,
				62DD28FCB80C31FAA1E6450F /* UserStat.h */,
			);
			name = Model;
			sourceTree = "<group>";
		};
		EA544EDB1AB4545F00B22EF6 /* Item */ = {
			isa = PBXGroup;
			children = (
			);
			name = Item;
			sourceTree = "<group>";
		};
		EA544EDC1AB4546400B22EF6 /* Subscription */ = {
			isa = PBXGroup;
			children = (
			);
			name = Subscription;
			sourceTree = "<group>";
		};
		EA544EDD1AB45ED600B22EF6 /* Items */ = {
			isa = PBXGroup;
			children = (
				EA544EF11AB45FD000B22EF6 /* Layouts */,
				EA544EF01AB45FC800B22EF6 /* Cells */,
				EA544EDE1AB45F0600B22EF6 /* ItemCollectionViewController.h */,
				EA544EDF1AB45F0600B22EF6 /* ItemCollectionViewController.m */,
			);
			name = Items;
			sourceTree = "<group>";
		};
		EA544EF01AB45FC800B22EF6 /* Cells */ = {
			isa = PBXGroup;
			children = (
				EAF2FE371B43C1750052A977 /* TitleCell.h */,
				EAF2FE381B43C1750052A977 /* TitleCell.m */,
				EAF2FE391B43C1750052A977 /* TitleWithDescriptionCell.h */,
				EAF2FE3A1B43C1750052A977 /* TitleWithDescriptionCell.m */,
				EAF2FE3B1B43C1750052A977 /* VideoCell.h */,
				EAF2FE3C1B43C1750052A977 /* VideoCell.m */,
				EAF2FE3D1B43C1750052A977 /* VideoWithTitleCell.h */,
				EAF2FE3E1B43C1750052A977 /* VideoWithTitleCell.m */,
				EA544EE11AB45F3600B22EF6 /* ItemCell.h */,
				EA544EE21AB45F3600B22EF6 /* ItemCell.m */,
				EAF2FE351B426F970052A977 /* TitleCell.xib */,
			);
			name = Cells;
			sourceTree = "<group>";
		};
		EA544EF11AB45FD000B22EF6 /* Layouts */ = {
			isa = PBXGroup;
			children = (
				EA453FFB1AB4A2BF00C7248D /* MasonryItemCollectionLayout.h */,
				EA453FFC1AB4A2BF00C7248D /* MasonryItemCollectionLayout.m */,
				EA453FFE1AB4A2CF00C7248D /* SingleItemCollectionLayout.h */,
				EA453FFF1AB4A2CF00C7248D /* SingleItemCollectionLayout.m */,
			);
			name = Layouts;
			sourceTree = "<group>";
		};
/* End PBXGroup section */

/* Begin PBXNativeTarget section */
		EA320A501AA8CB7C008A3F02 /* EpicGlue */ = {
			isa = PBXNativeTarget;
			buildConfigurationList = EA320A771AA8CB7C008A3F02 /* Build configuration list for PBXNativeTarget "EpicGlue" */;
			buildPhases = (
				0386BAC9E8EC59A8001CF4C8 /* Check Pods Manifest.lock */,
				EA320A4D1AA8CB7C008A3F02 /* Sources */,
				EA320A4E1AA8CB7C008A3F02 /* Frameworks */,
				EA320A4F1AA8CB7C008A3F02 /* Resources */,
				20204CFFCFD54BA8CD05271E /* Copy Pods Resources */,
			);
			buildRules = (
			);
			dependencies = (
			);
			name = EpicGlue;
			productName = EpicGlue;
			productReference = EA320A511AA8CB7C008A3F02 /* EpicGlue.app */;
			productType = "com.apple.product-type.application";
		};
		EA320A6C1AA8CB7C008A3F02 /* EpicGlueTests */ = {
			isa = PBXNativeTarget;
			buildConfigurationList = EA320A7A1AA8CB7C008A3F02 /* Build configuration list for PBXNativeTarget "EpicGlueTests" */;
			buildPhases = (
				2C2A6F2292307311BA689B24 /* Check Pods Manifest.lock */,
				EA320A691AA8CB7C008A3F02 /* Sources */,
				EA320A6A1AA8CB7C008A3F02 /* Frameworks */,
				EA320A6B1AA8CB7C008A3F02 /* Resources */,
				8E74CA97F02CC2723AA55191 /* Copy Pods Resources */,
			);
			buildRules = (
			);
			dependencies = (
				EA320A6F1AA8CB7C008A3F02 /* PBXTargetDependency */,
			);
			name = EpicGlueTests;
			productName = EpicGlueTests;
			productReference = EA320A6D1AA8CB7C008A3F02 /* EpicGlueTests.xctest */;
			productType = "com.apple.product-type.bundle.unit-test";
		};
/* End PBXNativeTarget section */

/* Begin PBXProject section */
		EA320A491AA8CB7C008A3F02 /* Project object */ = {
			isa = PBXProject;
			attributes = {
				LastUpgradeCheck = 0610;
				ORGANIZATIONNAME = "Only Epic Apps";
				TargetAttributes = {
					EA320A501AA8CB7C008A3F02 = {
						CreatedOnToolsVersion = 6.1.1;
						DevelopmentTeam = J7L8NRR4XP;
						SystemCapabilities = {
							com.apple.InAppPurchase = {
								enabled = 1;
							};
							com.apple.iCloud = {
								enabled = 1;
							};
						};
					};
					EA320A6C1AA8CB7C008A3F02 = {
						CreatedOnToolsVersion = 6.1.1;
						TestTargetID = EA320A501AA8CB7C008A3F02;
					};
				};
			};
			buildConfigurationList = EA320A4C1AA8CB7C008A3F02 /* Build configuration list for PBXProject "EpicGlue" */;
			compatibilityVersion = "Xcode 3.2";
			developmentRegion = English;
			hasScannedForEncodings = 0;
			knownRegions = (
				en,
				Base,
			);
			mainGroup = EA320A481AA8CB7C008A3F02;
			productRefGroup = EA320A521AA8CB7C008A3F02 /* Products */;
			projectDirPath = "";
			projectRoot = "";
			targets = (
				EA320A501AA8CB7C008A3F02 /* EpicGlue */,
				EA320A6C1AA8CB7C008A3F02 /* EpicGlueTests */,
			);
		};
/* End PBXProject section */

/* Begin PBXResourcesBuildPhase section */
		EA320A4F1AA8CB7C008A3F02 /* Resources */ = {
			isa = PBXResourcesBuildPhase;
			buildActionMask = 2147483647;
			files = (
				EA320A631AA8CB7C008A3F02 /* Main.storyboard in Resources */,
				EA320A681AA8CB7C008A3F02 /* LaunchScreen.xib in Resources */,
				EAF2FE361B426F970052A977 /* TitleCell.xib in Resources */,
				EA320A651AA8CB7C008A3F02 /* Images.xcassets in Resources */,
			);
			runOnlyForDeploymentPostprocessing = 0;
		};
		EA320A6B1AA8CB7C008A3F02 /* Resources */ = {
			isa = PBXResourcesBuildPhase;
			buildActionMask = 2147483647;
			files = (
			);
			runOnlyForDeploymentPostprocessing = 0;
		};
/* End PBXResourcesBuildPhase section */

/* Begin PBXShellScriptBuildPhase section */
		0386BAC9E8EC59A8001CF4C8 /* Check Pods Manifest.lock */ = {
			isa = PBXShellScriptBuildPhase;
			buildActionMask = 2147483647;
			files = (
			);
			inputPaths = (
			);
			name = "Check Pods Manifest.lock";
			outputPaths = (
			);
			runOnlyForDeploymentPostprocessing = 0;
			shellPath = /bin/sh;
			shellScript = "diff \"${PODS_ROOT}/../Podfile.lock\" \"${PODS_ROOT}/Manifest.lock\" > /dev/null\nif [[ $? != 0 ]] ; then\n    cat << EOM\nerror: The sandbox is not in sync with the Podfile.lock. Run 'pod install' or update your CocoaPods installation.\nEOM\n    exit 1\nfi\n";
			showEnvVarsInLog = 0;
		};
		20204CFFCFD54BA8CD05271E /* Copy Pods Resources */ = {
			isa = PBXShellScriptBuildPhase;
			buildActionMask = 2147483647;
			files = (
			);
			inputPaths = (
			);
			name = "Copy Pods Resources";
			outputPaths = (
			);
			runOnlyForDeploymentPostprocessing = 0;
			shellPath = /bin/sh;
			shellScript = "\"${SRCROOT}/Pods/Target Support Files/Pods-EpicGlue/Pods-EpicGlue-resources.sh\"\n";
			showEnvVarsInLog = 0;
		};
		2C2A6F2292307311BA689B24 /* Check Pods Manifest.lock */ = {
			isa = PBXShellScriptBuildPhase;
			buildActionMask = 2147483647;
			files = (
			);
			inputPaths = (
			);
			name = "Check Pods Manifest.lock";
			outputPaths = (
			);
			runOnlyForDeploymentPostprocessing = 0;
			shellPath = /bin/sh;
			shellScript = "diff \"${PODS_ROOT}/../Podfile.lock\" \"${PODS_ROOT}/Manifest.lock\" > /dev/null\nif [[ $? != 0 ]] ; then\n    cat << EOM\nerror: The sandbox is not in sync with the Podfile.lock. Run 'pod install' or update your CocoaPods installation.\nEOM\n    exit 1\nfi\n";
			showEnvVarsInLog = 0;
		};
		8E74CA97F02CC2723AA55191 /* Copy Pods Resources */ = {
			isa = PBXShellScriptBuildPhase;
			buildActionMask = 2147483647;
			files = (
			);
			inputPaths = (
			);
			name = "Copy Pods Resources";
			outputPaths = (
			);
			runOnlyForDeploymentPostprocessing = 0;
			shellPath = /bin/sh;
			shellScript = "\"${SRCROOT}/Pods/Target Support Files/Pods-EpicGlueTests/Pods-EpicGlueTests-resources.sh\"\n";
			showEnvVarsInLog = 0;
		};
/* End PBXShellScriptBuildPhase section */

/* Begin PBXSourcesBuildPhase section */
		EA320A4D1AA8CB7C008A3F02 /* Sources */ = {
			isa = PBXSourcesBuildPhase;
			buildActionMask = 2147483647;
			files = (
				EAF2FE3F1B43C1750052A977 /* TitleCell.m in Sources */,
				EAF2FE411B43C1750052A977 /* VideoCell.m in Sources */,
				EA320A5D1AA8CB7C008A3F02 /* EpicGlue.xcdatamodeld in Sources */,
				EA544EE01AB45F0600B22EF6 /* ItemCollectionViewController.m in Sources */,
				EAF2FE421B43C1750052A977 /* VideoWithTitleCell.m in Sources */,
				EA4540001AB4A2CF00C7248D /* SingleItemCollectionLayout.m in Sources */,
				EA453FFD1AB4A2BF00C7248D /* MasonryItemCollectionLayout.m in Sources */,
				EA544EE31AB45F3600B22EF6 /* ItemCell.m in Sources */,
				EA320A571AA8CB7C008A3F02 /* main.m in Sources */,
				62DD2546520F11CF65670AAD /* Item.m in Sources */,
				62DD2E43AA587F7F15D15B53 /* TaskQueue.m in Sources */,
				62DD2CE6A3C205F83469947A /* Task.m in Sources */,
				62DD2D2211F9649182E6F1E4 /* ImageFetchTask.m in Sources */,
				62DD2FB932EAF2566B0E8A76 /* RequestTask.m in Sources */,
				62DD296EF49D877694070286 /* APIRequestTask.m in Sources */,
				62DD2C577B6653314F227A74 /* ItemReadTask.m in Sources */,
				62DD25BF5F9C72F320933558 /* ItemListManager.m in Sources */,
				62DD292C85E67B9236F1870E /* Source.m in Sources */,
				62DD2C3DD678C7FBF496B136 /* DataSource.m in Sources */,
				62DD24225B221ED525F88689 /* Subscription.m in Sources */,
				62DD27FDE1942867A3029AA8 /* Plan.m in Sources */,
				62DD26B19E251291C181D41A /* Service.m in Sources */,
				62DD2092A79ECA814D645748 /* ServiceProfile.m in Sources */,
				62DD27583F1009B0CB03C1F6 /* User.m in Sources */,
				62DD299633436992AD043E16 /* Token.m in Sources */,
				62DD2E5443EC28C686B69E5E /* UserSocialProfile.m in Sources */,
				62DD288B02B7DB13CB7332F1 /* UserStat.m in Sources */,
				62DD2BB2373714767E8BCBA6 /* ItemList.m in Sources */,
				62DD20331D3F9348BD620FF9 /* Filter.m in Sources */,
				62DD2C697902FE94BA6ABDDD /* FilterList.m in Sources */,
				62DD2E12383F968FC2AF2026 /* Location.m in Sources */,
				62DD225741567C902B0F743E /* Connector.m in Sources */,
				62DD2B9FC290A7D1A447B828 /* DateParser.m in Sources */,
				62DD2A4AB8FDE0D1C4D66D78 /* JSON.m in Sources */,
				62DD2269A2E45E74D6E7A93A /* URL.m in Sources */,
				EAF2FE401B43C1750052A977 /* TitleWithDescriptionCell.m in Sources */,
				62DD2B41675970152A4E56DD /* AppDelegate.m in Sources */,
			);
			runOnlyForDeploymentPostprocessing = 0;
		};
		EA320A691AA8CB7C008A3F02 /* Sources */ = {
			isa = PBXSourcesBuildPhase;
			buildActionMask = 2147483647;
			files = (
				62DD297145756A7593CF409D /* Item.m in Sources */,
				62DD2707700A7DF0419AD2BC /* TaskQueue.m in Sources */,
				62DD219E59DA875640047728 /* Task.m in Sources */,
				62DD2A9D3BDB199D47C5FD0B /* ImageFetchTask.m in Sources */,
				62DD2F932D1D60FAA225BE02 /* RequestTask.m in Sources */,
				62DD2F0226036F08A7C78670 /* APIRequestTask.m in Sources */,
				62DD2AB8DE7CC9AD75788456 /* ItemReadTask.m in Sources */,
				62DD229DA7AA359AC87229C4 /* ItemListManager.m in Sources */,
				62DD2871EB7CD85E534A0403 /* Source.m in Sources */,
				62DD2712E5C33C63B232EB47 /* DataSource.m in Sources */,
				62DD289CAC2D677D3E31C164 /* Subscription.m in Sources */,
				62DD2EFC11EA710DE2F95978 /* Plan.m in Sources */,
				62DD2AA467134F3F842D35C2 /* Service.m in Sources */,
				62DD26BC112F83EAA96DC7C7 /* ServiceProfile.m in Sources */,
				62DD2BBB23F7B3E6D6D84E79 /* User.m in Sources */,
				62DD200CD70A95D91833685B /* Token.m in Sources */,
				62DD245E01C5BA28F9025720 /* UserSocialProfile.m in Sources */,
				62DD2ED1D3E1DCA5BE9C0721 /* UserStat.m in Sources */,
				62DD2EC02A705EF24A455132 /* ItemList.m in Sources */,
				62DD226EBB645CA77189E6FF /* Filter.m in Sources */,
				62DD20890CCC11A4FEF47FAA /* FilterList.m in Sources */,
				62DD217A2ED9E3D4963827E8 /* Location.m in Sources */,
				62DD2CD9FE16F504F12B0313 /* DateParser.m in Sources */,
				62DD2C0AEA2631C3459DADE1 /* JSON.m in Sources */,
				62DD2894AEE787E05933BDB2 /* URL.m in Sources */,
			);
			runOnlyForDeploymentPostprocessing = 0;
		};
/* End PBXSourcesBuildPhase section */

/* Begin PBXTargetDependency section */
		EA320A6F1AA8CB7C008A3F02 /* PBXTargetDependency */ = {
			isa = PBXTargetDependency;
			target = EA320A501AA8CB7C008A3F02 /* EpicGlue */;
			targetProxy = EA320A6E1AA8CB7C008A3F02 /* PBXContainerItemProxy */;
		};
/* End PBXTargetDependency section */

/* Begin PBXVariantGroup section */
		EA320A611AA8CB7C008A3F02 /* Main.storyboard */ = {
			isa = PBXVariantGroup;
			children = (
				EA320A621AA8CB7C008A3F02 /* Base */,
			);
			name = Main.storyboard;
			sourceTree = "<group>";
		};
		EA320A661AA8CB7C008A3F02 /* LaunchScreen.xib */ = {
			isa = PBXVariantGroup;
			children = (
				EA320A671AA8CB7C008A3F02 /* Base */,
			);
			name = LaunchScreen.xib;
			sourceTree = "<group>";
		};
/* End PBXVariantGroup section */

/* Begin XCBuildConfiguration section */
		EA320A751AA8CB7C008A3F02 /* Debug */ = {
			isa = XCBuildConfiguration;
			buildSettings = {
				ALWAYS_SEARCH_USER_PATHS = NO;
				CLANG_CXX_LANGUAGE_STANDARD = "gnu++0x";
				CLANG_CXX_LIBRARY = "libc++";
				CLANG_ENABLE_MODULES = YES;
				CLANG_ENABLE_OBJC_ARC = YES;
				CLANG_WARN_BOOL_CONVERSION = YES;
				CLANG_WARN_CONSTANT_CONVERSION = YES;
				CLANG_WARN_DIRECT_OBJC_ISA_USAGE = YES_ERROR;
				CLANG_WARN_EMPTY_BODY = YES;
				CLANG_WARN_ENUM_CONVERSION = YES;
				CLANG_WARN_INT_CONVERSION = YES;
				CLANG_WARN_OBJC_ROOT_CLASS = YES_ERROR;
				CLANG_WARN_UNREACHABLE_CODE = YES;
				CLANG_WARN__DUPLICATE_METHOD_MATCH = YES;
				"CODE_SIGN_IDENTITY[sdk=iphoneos*]" = "iPhone Developer";
				COPY_PHASE_STRIP = NO;
				ENABLE_STRICT_OBJC_MSGSEND = YES;
				GCC_C_LANGUAGE_STANDARD = gnu99;
				GCC_DYNAMIC_NO_PIC = NO;
				GCC_OPTIMIZATION_LEVEL = 0;
				GCC_PREPROCESSOR_DEFINITIONS = (
					"DEBUG=1",
					"$(inherited)",
				);
				GCC_SYMBOLS_PRIVATE_EXTERN = NO;
				GCC_WARN_64_TO_32_BIT_CONVERSION = YES;
				GCC_WARN_ABOUT_RETURN_TYPE = YES_ERROR;
				GCC_WARN_UNDECLARED_SELECTOR = YES;
				GCC_WARN_UNINITIALIZED_AUTOS = YES_AGGRESSIVE;
				GCC_WARN_UNUSED_FUNCTION = YES;
				GCC_WARN_UNUSED_VARIABLE = YES;
				IPHONEOS_DEPLOYMENT_TARGET = 8.1;
				MTL_ENABLE_DEBUG_INFO = YES;
				ONLY_ACTIVE_ARCH = YES;
				SDKROOT = iphoneos;
				TARGETED_DEVICE_FAMILY = "1,2";
			};
			name = Debug;
		};
		EA320A761AA8CB7C008A3F02 /* Release */ = {
			isa = XCBuildConfiguration;
			buildSettings = {
				ALWAYS_SEARCH_USER_PATHS = NO;
				CLANG_CXX_LANGUAGE_STANDARD = "gnu++0x";
				CLANG_CXX_LIBRARY = "libc++";
				CLANG_ENABLE_MODULES = YES;
				CLANG_ENABLE_OBJC_ARC = YES;
				CLANG_WARN_BOOL_CONVERSION = YES;
				CLANG_WARN_CONSTANT_CONVERSION = YES;
				CLANG_WARN_DIRECT_OBJC_ISA_USAGE = YES_ERROR;
				CLANG_WARN_EMPTY_BODY = YES;
				CLANG_WARN_ENUM_CONVERSION = YES;
				CLANG_WARN_INT_CONVERSION = YES;
				CLANG_WARN_OBJC_ROOT_CLASS = YES_ERROR;
				CLANG_WARN_UNREACHABLE_CODE = YES;
				CLANG_WARN__DUPLICATE_METHOD_MATCH = YES;
				"CODE_SIGN_IDENTITY[sdk=iphoneos*]" = "iPhone Developer";
				COPY_PHASE_STRIP = YES;
				ENABLE_NS_ASSERTIONS = NO;
				ENABLE_STRICT_OBJC_MSGSEND = YES;
				GCC_C_LANGUAGE_STANDARD = gnu99;
				GCC_WARN_64_TO_32_BIT_CONVERSION = YES;
				GCC_WARN_ABOUT_RETURN_TYPE = YES_ERROR;
				GCC_WARN_UNDECLARED_SELECTOR = YES;
				GCC_WARN_UNINITIALIZED_AUTOS = YES_AGGRESSIVE;
				GCC_WARN_UNUSED_FUNCTION = YES;
				GCC_WARN_UNUSED_VARIABLE = YES;
				IPHONEOS_DEPLOYMENT_TARGET = 8.1;
				MTL_ENABLE_DEBUG_INFO = NO;
				SDKROOT = iphoneos;
				TARGETED_DEVICE_FAMILY = "1,2";
				VALIDATE_PRODUCT = YES;
			};
			name = Release;
		};
		EA320A781AA8CB7C008A3F02 /* Debug */ = {
			isa = XCBuildConfiguration;
			baseConfigurationReference = D8E90E7D6185131E2C221DF0 /* Pods-EpicGlue.debug.xcconfig */;
			buildSettings = {
				ASSETCATALOG_COMPILER_APPICON_NAME = AppIcon;
				CODE_SIGN_ENTITLEMENTS = EpicGlue/EpicGlue.entitlements;
				CODE_SIGN_IDENTITY = "iPhone Developer";
				"CODE_SIGN_IDENTITY[sdk=iphoneos*]" = "iPhone Developer";
				INFOPLIST_FILE = EpicGlue/Info.plist;
				LD_RUNPATH_SEARCH_PATHS = "$(inherited) @executable_path/Frameworks";
				PRODUCT_NAME = "$(TARGET_NAME)";
				PROVISIONING_PROFILE = "";
				USER_HEADER_SEARCH_PATHS = "\"${PROJECT_DIR}/Pods\"/**";
			};
			name = Debug;
		};
		EA320A791AA8CB7C008A3F02 /* Release */ = {
			isa = XCBuildConfiguration;
			baseConfigurationReference = 75EC175EA5891DC88C5DCF95 /* Pods-EpicGlue.release.xcconfig */;
			buildSettings = {
				ASSETCATALOG_COMPILER_APPICON_NAME = AppIcon;
				CODE_SIGN_ENTITLEMENTS = EpicGlue/EpicGlue.entitlements;
				CODE_SIGN_IDENTITY = "iPhone Developer";
				"CODE_SIGN_IDENTITY[sdk=iphoneos*]" = "iPhone Developer";
				INFOPLIST_FILE = EpicGlue/Info.plist;
				LD_RUNPATH_SEARCH_PATHS = "$(inherited) @executable_path/Frameworks";
				PRODUCT_NAME = "$(TARGET_NAME)";
				PROVISIONING_PROFILE = "";
				USER_HEADER_SEARCH_PATHS = "\"${PROJECT_DIR}/Pods\"/**";
			};
			name = Release;
		};
		EA320A7B1AA8CB7C008A3F02 /* Debug */ = {
			isa = XCBuildConfiguration;
			baseConfigurationReference = 301FE20E2352B033DE801C81 /* Pods-EpicGlueTests.debug.xcconfig */;
			buildSettings = {
				BUNDLE_LOADER = "$(BUILT_PRODUCTS_DIR)/EpicGlue.app/EpicGlue";
				FRAMEWORK_SEARCH_PATHS = (
					"$(SDKROOT)/Developer/Library/Frameworks",
					"$(inherited)",
				);
				GCC_PREPROCESSOR_DEFINITIONS = (
					"DEBUG=1",
					"$(inherited)",
				);
				INFOPLIST_FILE = EpicGlueTests/Info.plist;
				LD_RUNPATH_SEARCH_PATHS = "$(inherited) @executable_path/Frameworks @loader_path/Frameworks";
				OTHER_LDFLAGS = (
					"$(inherited)",
					"-ObjC",
					"-l\"Pods-EpicGlueTests-Kiwi\"",
					"-framework",
					"\"SenTestingKit\"",
				);
				PRODUCT_NAME = "$(TARGET_NAME)";
				TEST_HOST = "$(BUNDLE_LOADER)";
			};
			name = Debug;
		};
		EA320A7C1AA8CB7C008A3F02 /* Release */ = {
			isa = XCBuildConfiguration;
			baseConfigurationReference = 84ECA1531B709D414BD98F67 /* Pods-EpicGlueTests.release.xcconfig */;
			buildSettings = {
				BUNDLE_LOADER = "$(BUILT_PRODUCTS_DIR)/EpicGlue.app/Contents/MacOS/EpicGlue";
				FRAMEWORK_SEARCH_PATHS = (
					"$(SDKROOT)/Developer/Library/Frameworks",
					"$(inherited)",
				);
				INFOPLIST_FILE = EpicGlueTests/Info.plist;
				LD_RUNPATH_SEARCH_PATHS = "$(inherited) @executable_path/Frameworks @loader_path/Frameworks";
				OTHER_LDFLAGS = (
					"$(inherited)",
					"-ObjC",
					"-l\"Pods-EpicGlueTests-Kiwi\"",
					"-framework",
					"\"SenTestingKit\"",
				);
				PRODUCT_NAME = "$(TARGET_NAME)";
				TEST_HOST = "$(BUNDLE_LOADER)";
			};
			name = Release;
		};
/* End XCBuildConfiguration section */

/* Begin XCConfigurationList section */
		EA320A4C1AA8CB7C008A3F02 /* Build configuration list for PBXProject "EpicGlue" */ = {
			isa = XCConfigurationList;
			buildConfigurations = (
				EA320A751AA8CB7C008A3F02 /* Debug */,
				EA320A761AA8CB7C008A3F02 /* Release */,
			);
			defaultConfigurationIsVisible = 0;
			defaultConfigurationName = Release;
		};
		EA320A771AA8CB7C008A3F02 /* Build configuration list for PBXNativeTarget "EpicGlue" */ = {
			isa = XCConfigurationList;
			buildConfigurations = (
				EA320A781AA8CB7C008A3F02 /* Debug */,
				EA320A791AA8CB7C008A3F02 /* Release */,
			);
			defaultConfigurationIsVisible = 0;
			defaultConfigurationName = Release;
		};
		EA320A7A1AA8CB7C008A3F02 /* Build configuration list for PBXNativeTarget "EpicGlueTests" */ = {
			isa = XCConfigurationList;
			buildConfigurations = (
				EA320A7B1AA8CB7C008A3F02 /* Debug */,
				EA320A7C1AA8CB7C008A3F02 /* Release */,
			);
			defaultConfigurationIsVisible = 0;
			defaultConfigurationName = Release;
		};
/* End XCConfigurationList section */

/* Begin XCVersionGroup section */
		EA320A5B1AA8CB7C008A3F02 /* EpicGlue.xcdatamodeld */ = {
			isa = XCVersionGroup;
			children = (
				EA320A5C1AA8CB7C008A3F02 /* EpicGlue.xcdatamodel */,
			);
			currentVersion = EA320A5C1AA8CB7C008A3F02 /* EpicGlue.xcdatamodel */;
			path = EpicGlue.xcdatamodeld;
			sourceTree = "<group>";
			versionGroupType = wrapper.xcdatamodel;
		};
/* End XCVersionGroup section */
	};
	rootObject = EA320A491AA8CB7C008A3F02 /* Project object */;
}
